PODS:
  - boost-for-react-native (1.63.0)
  - DoubleConversion (1.1.6)
  - Folly (2018.10.22.00):
    - boost-for-react-native
    - DoubleConversion
    - Folly/Default (= 2018.10.22.00)
    - glog
  - Folly/Default (2018.10.22.00):
    - boost-for-react-native
    - DoubleConversion
    - glog
  - glog (0.3.5)
  - React (1000.0.0):
    - React-Core (= 1000.0.0)
    - React-DevSupport (= 1000.0.0)
    - React-RCTActionSheet (= 1000.0.0)
    - React-RCTAnimation (= 1000.0.0)
    - React-RCTBlob (= 1000.0.0)
    - React-RCTImage (= 1000.0.0)
    - React-RCTLinking (= 1000.0.0)
    - React-RCTNetwork (= 1000.0.0)
    - React-RCTSettings (= 1000.0.0)
    - React-RCTText (= 1000.0.0)
    - React-RCTVibration (= 1000.0.0)
    - React-RCTWebSocket (= 1000.0.0)
  - React-Core (1000.0.0):
    - Folly (= 2018.10.22.00)
    - glog
    - React-Core/Default (= 1000.0.0)
    - React-cxxreact (= 1000.0.0)
    - React-jsi (= 1000.0.0)
    - React-jsiexecutor (= 1000.0.0)
    - yoga (= 1000.0.0.React)
  - React-Core/Default (1000.0.0):
    - Folly (= 2018.10.22.00)
    - glog
    - React-cxxreact (= 1000.0.0)
    - React-jsi (= 1000.0.0)
    - React-jsiexecutor (= 1000.0.0)
    - yoga (= 1000.0.0.React)
  - React-Core/DevSupportHeaders (1000.0.0):
    - Folly (= 2018.10.22.00)
    - glog
    - React-Core/Default
    - React-cxxreact (= 1000.0.0)
    - React-jsi (= 1000.0.0)
    - React-jsiexecutor (= 1000.0.0)
    - yoga (= 1000.0.0.React)
  - React-Core/RCTActionSheetHeaders (1000.0.0):
    - Folly (= 2018.10.22.00)
    - glog
    - React-Core/Default
    - React-cxxreact (= 1000.0.0)
    - React-jsi (= 1000.0.0)
    - React-jsiexecutor (= 1000.0.0)
    - yoga (= 1000.0.0.React)
  - React-Core/RCTAnimationHeaders (1000.0.0):
    - Folly (= 2018.10.22.00)
    - glog
    - React-Core/Default
    - React-cxxreact (= 1000.0.0)
    - React-jsi (= 1000.0.0)
    - React-jsiexecutor (= 1000.0.0)
    - yoga (= 1000.0.0.React)
  - React-Core/RCTBlobHeaders (1000.0.0):
    - Folly (= 2018.10.22.00)
    - glog
    - React-Core/Default
    - React-cxxreact (= 1000.0.0)
    - React-jsi (= 1000.0.0)
    - React-jsiexecutor (= 1000.0.0)
    - yoga (= 1000.0.0.React)
  - React-Core/RCTImageHeaders (1000.0.0):
    - Folly (= 2018.10.22.00)
    - glog
    - React-Core/Default
    - React-cxxreact (= 1000.0.0)
    - React-jsi (= 1000.0.0)
    - React-jsiexecutor (= 1000.0.0)
    - yoga (= 1000.0.0.React)
  - React-Core/RCTLinkingHeaders (1000.0.0):
    - Folly (= 2018.10.22.00)
    - glog
    - React-Core/Default
    - React-cxxreact (= 1000.0.0)
    - React-jsi (= 1000.0.0)
    - React-jsiexecutor (= 1000.0.0)
    - yoga (= 1000.0.0.React)
  - React-Core/RCTNetworkHeaders (1000.0.0):
    - Folly (= 2018.10.22.00)
    - glog
    - React-Core/Default
    - React-cxxreact (= 1000.0.0)
    - React-jsi (= 1000.0.0)
    - React-jsiexecutor (= 1000.0.0)
    - yoga (= 1000.0.0.React)
  - React-Core/RCTSettingsHeaders (1000.0.0):
    - Folly (= 2018.10.22.00)
    - glog
    - React-Core/Default
    - React-cxxreact (= 1000.0.0)
    - React-jsi (= 1000.0.0)
    - React-jsiexecutor (= 1000.0.0)
    - yoga (= 1000.0.0.React)
  - React-Core/RCTTextHeaders (1000.0.0):
    - Folly (= 2018.10.22.00)
    - glog
    - React-Core/Default
    - React-cxxreact (= 1000.0.0)
    - React-jsi (= 1000.0.0)
    - React-jsiexecutor (= 1000.0.0)
    - yoga (= 1000.0.0.React)
  - React-Core/RCTVibrationHeaders (1000.0.0):
    - Folly (= 2018.10.22.00)
    - glog
    - React-Core/Default
    - React-cxxreact (= 1000.0.0)
    - React-jsi (= 1000.0.0)
    - React-jsiexecutor (= 1000.0.0)
    - yoga (= 1000.0.0.React)
  - React-Core/RCTWebSocketHeaders (1000.0.0):
    - Folly (= 2018.10.22.00)
    - glog
    - React-Core/Default
    - React-cxxreact (= 1000.0.0)
    - React-jsi (= 1000.0.0)
    - React-jsiexecutor (= 1000.0.0)
    - yoga (= 1000.0.0.React)
  - React-cxxreact (1000.0.0):
    - boost-for-react-native (= 1.63.0)
    - DoubleConversion
    - Folly (= 2018.10.22.00)
    - glog
    - React-jsinspector (= 1000.0.0)
  - React-DevSupport (1000.0.0):
    - React-Core/DevSupportHeaders (= 1000.0.0)
    - React-jsinspector (= 1000.0.0)
    - React-RCTWebSocket (= 1000.0.0)
  - React-jsi (1000.0.0):
    - boost-for-react-native (= 1.63.0)
    - DoubleConversion
    - Folly (= 2018.10.22.00)
    - glog
    - React-jsi/Default (= 1000.0.0)
  - React-jsi/Default (1000.0.0):
    - boost-for-react-native (= 1.63.0)
    - DoubleConversion
    - Folly (= 2018.10.22.00)
    - glog
  - React-jsiexecutor (1000.0.0):
    - DoubleConversion
    - Folly (= 2018.10.22.00)
    - glog
    - React-cxxreact (= 1000.0.0)
    - React-jsi (= 1000.0.0)
  - React-jsinspector (1000.0.0)
  - React-RCTActionSheet (1000.0.0):
    - React-Core/RCTActionSheetHeaders (= 1000.0.0)
  - React-RCTAnimation (1000.0.0):
    - React-Core/RCTAnimationHeaders (= 1000.0.0)
  - React-RCTBlob (1000.0.0):
    - React-Core/RCTBlobHeaders (= 1000.0.0)
    - React-jsi (= 1000.0.0)
    - React-RCTNetwork (= 1000.0.0)
    - React-RCTWebSocket (= 1000.0.0)
  - React-RCTImage (1000.0.0):
    - React-Core/RCTImageHeaders (= 1000.0.0)
    - React-RCTNetwork (= 1000.0.0)
  - React-RCTLinking (1000.0.0):
    - React-Core/RCTLinkingHeaders (= 1000.0.0)
  - React-RCTNetwork (1000.0.0):
    - React-Core/RCTNetworkHeaders (= 1000.0.0)
  - React-RCTSettings (1000.0.0):
    - React-Core/RCTSettingsHeaders (= 1000.0.0)
  - React-RCTText (1000.0.0):
    - React-Core/RCTTextHeaders (= 1000.0.0)
  - React-RCTVibration (1000.0.0):
    - React-Core/RCTVibrationHeaders (= 1000.0.0)
  - React-RCTWebSocket (1000.0.0):
    - React-Core/RCTWebSocketHeaders (= 1000.0.0)
  - yoga (1000.0.0.React)

DEPENDENCIES:
  - DoubleConversion (from `../node_modules/react-native/third-party-podspecs/DoubleConversion.podspec`)
  - Folly (from `../node_modules/react-native/third-party-podspecs/Folly.podspec`)
  - glog (from `../node_modules/react-native/third-party-podspecs/glog.podspec`)
  - React (from `../node_modules/react-native/`)
  - React-Core (from `../node_modules/react-native/`)
  - React-cxxreact (from `../node_modules/react-native/ReactCommon/cxxreact`)
  - React-DevSupport (from `../node_modules/react-native/React`)
  - React-jsi (from `../node_modules/react-native/ReactCommon/jsi`)
  - React-jsiexecutor (from `../node_modules/react-native/ReactCommon/jsiexecutor`)
  - React-jsinspector (from `../node_modules/react-native/ReactCommon/jsinspector`)
  - React-RCTActionSheet (from `../node_modules/react-native/Libraries/ActionSheetIOS`)
  - React-RCTAnimation (from `../node_modules/react-native/Libraries/NativeAnimation`)
  - React-RCTBlob (from `../node_modules/react-native/Libraries/Blob`)
  - React-RCTImage (from `../node_modules/react-native/Libraries/Image`)
  - React-RCTLinking (from `../node_modules/react-native/Libraries/LinkingIOS`)
  - React-RCTNetwork (from `../node_modules/react-native/Libraries/Network`)
  - React-RCTSettings (from `../node_modules/react-native/Libraries/Settings`)
  - React-RCTText (from `../node_modules/react-native/Libraries/Text`)
  - React-RCTVibration (from `../node_modules/react-native/Libraries/Vibration`)
  - React-RCTWebSocket (from `../node_modules/react-native/Libraries/WebSocket`)
  - yoga (from `../node_modules/react-native/ReactCommon/yoga`)

SPEC REPOS:
  https://github.com/cocoapods/specs.git:
    - boost-for-react-native

EXTERNAL SOURCES:
  DoubleConversion:
    :podspec: "../node_modules/react-native/third-party-podspecs/DoubleConversion.podspec"
  Folly:
    :podspec: "../node_modules/react-native/third-party-podspecs/Folly.podspec"
  glog:
    :podspec: "../node_modules/react-native/third-party-podspecs/glog.podspec"
  React:
    :path: "../node_modules/react-native/"
  React-Core:
    :path: "../node_modules/react-native/"
  React-cxxreact:
    :path: "../node_modules/react-native/ReactCommon/cxxreact"
  React-DevSupport:
    :path: "../node_modules/react-native/React"
  React-jsi:
    :path: "../node_modules/react-native/ReactCommon/jsi"
  React-jsiexecutor:
    :path: "../node_modules/react-native/ReactCommon/jsiexecutor"
  React-jsinspector:
    :path: "../node_modules/react-native/ReactCommon/jsinspector"
  React-RCTActionSheet:
    :path: "../node_modules/react-native/Libraries/ActionSheetIOS"
  React-RCTAnimation:
    :path: "../node_modules/react-native/Libraries/NativeAnimation"
  React-RCTBlob:
    :path: "../node_modules/react-native/Libraries/Blob"
  React-RCTImage:
    :path: "../node_modules/react-native/Libraries/Image"
  React-RCTLinking:
    :path: "../node_modules/react-native/Libraries/LinkingIOS"
  React-RCTNetwork:
    :path: "../node_modules/react-native/Libraries/Network"
  React-RCTSettings:
    :path: "../node_modules/react-native/Libraries/Settings"
  React-RCTText:
    :path: "../node_modules/react-native/Libraries/Text"
  React-RCTVibration:
    :path: "../node_modules/react-native/Libraries/Vibration"
  React-RCTWebSocket:
    :path: "../node_modules/react-native/Libraries/WebSocket"
  yoga:
    :path: "../node_modules/react-native/ReactCommon/yoga"

SPEC CHECKSUMS:
  boost-for-react-native: 39c7adb57c4e60d6c5479dd8623128eb5b3f0f2c
  DoubleConversion: 5805e889d232975c086db112ece9ed034df7a0b2
  Folly: 30e7936e1c45c08d884aa59369ed951a8e68cf51
  glog: 1f3da668190260b06b429bb211bfbee5cd790c28
  React: 4062fa030c4063af0285f00be9c41d726a5ddce2
  React-Core: 06e93863c4464446e5d279c678f51fdfd9777fd5
  React-cxxreact: d01bba9b600e6216d689d3e8bff1908287504d40
  React-DevSupport: e60ccb7f0c0eaf18ec01c52c52a132754d3abfd2
  React-jsi: 6940d2d3b2d2585b2f257945b3870eb33b3a4df0
  React-jsiexecutor: 0b2d7ad91365f765f810e2d9e6665feb86e37459
  React-jsinspector: 167c0e8d96116b167f5bfe74d8ce62ba8ced07f7
  React-RCTActionSheet: 0e80ea72c1fb544b4fb3043caa25ff118351dbeb
  React-RCTAnimation: 9c25dc003cfda6c38f2a0522724a722e3bbd960a
  React-RCTBlob: d7603a34cec938e3850d90584845676e8636ced9
  React-RCTImage: 86f4c2279b3c38e4e109f936679ddaaa5e58a401
  React-RCTLinking: da0032c8fc7732e6d8b94ef6c7d3f53752f60267
  React-RCTNetwork: efbad4d51e50c27651790b9e30d594902574dc61
  React-RCTSettings: e4d403623c81098804d65ab023125f3e6a212cd5
  React-RCTText: 4bf9f8588370b344ef4d4a23d6222e0c6df73e0d
  React-RCTVibration: 6a7fdec098aa217d099ec01abbd15b98ec85fb14
  React-RCTWebSocket: 4b0b31fe7eba8bdd1e7dad3cc82fcaf30cbe38a1
  yoga: 9aa886bbe926dbbb0bfa561191737a982b47c134

PODFILE CHECKSUM: 94215b56cb311360d6531658e39c7bdc6761a1b7

COCOAPODS: 1.7.1
